
Microsoft Visual Studio Solution File, Format Version 12.00
# Visual Studio Version 17
VisualStudioVersion = 17.5.002.0
MinimumVisualStudioVersion = 10.0.40219.1
Project("{FAE04EC0-301F-11D3-BF4B-00C04F79EFBC}") = "FeedOurHomeless", "FeedOurHomeless.Gui\FeedOurHomeless.csproj", "{8022E78C-5F60-4B3D-8E96-D0E7586D799C}"
EndProject
Global
	GlobalSection(SolutionConfigurationPlatforms) = preSolution
		Debug|Any CPU = Debug|Any CPU
		Release|Any CPU = Release|Any CPU
	EndGlobalSection
	GlobalSection(ProjectConfigurationPlatforms) = postSolution
		{55AA5DB9-EE78-4A81-BCB1-7ED1DA1E1B7E}.Debug|Any CPU.ActiveCfg = Debug|Any CPU
		{55AA5DB9-EE78-4A81-BCB1-7ED1DA1E1B7E}.Debug|Any CPU.Build.0 = Debug|Any CPU
		{55AA5DB9-EE78-4A81-BCB1-7ED1DA1E1B7E}.Release|Any CPU.ActiveCfg = Release|Any CPU
		{55AA5DB9-EE78-4A81-BCB1-7ED1DA1E1B7E}.Release|Any CPU.Build.0 = Release|Any CPU
		{8022E78C-5F60-4B3D-8E96-D0E7586D799C}.Debug|Any CPU.ActiveCfg = Debug|Any CPU
		{8022E78C-5F60-4B3D-8E96-D0E7586D799C}.Debug|Any CPU.Build.0 = Debug|Any CPU
		{8022E78C-5F60-4B3D-8E96-D0E7586D799C}.Release|Any CPU.ActiveCfg = Release|Any CPU
		{8022E78C-5F60-4B3D-8E96-D0E7586D799C}.Release|Any CPU.Build.0 = Release|Any CPU
	EndGlobalSection
	GlobalSection(SolutionProperties) = preSolution
		HideSolutionNode = FALSE
	EndGlobalSection
	GlobalSection(ExtensibilityGlobals) = postSolution
		SolutionGuid = {15498FB9-E01F-4CA3-B7A5-40822B8CDF80}
	EndGlobalSection
EndGlobal
